
Microsoft Visual Studio Solution File, Format Version 12.00
# Visual Studio 15
VisualStudioVersion = 15.0.27703.2047
MinimumVisualStudioVersion = 10.0.40219.1
Project("{FAE04EC0-301F-11D3-BF4B-00C04F79EFBC}") = "SaveOutlookAttachments", "SaveOutlookAttachments\SaveOutlookAttachments.csproj", "{0A1D7491-2A74-44CC-BEF5-3DC542545BD9}"
EndProject
Project("{54435603-DBB4-11D2-8724-00A0C9A8B90C}") = "Setup1", "Setup1\Setup1.vdproj", "{1C57A476-4FA9-4142-A3A9-2455E309C140}"
EndProject
Global
	GlobalSection(SolutionConfigurationPlatforms) = preSolution
		Debug|Any CPU = Debug|Any CPU
		Release|Any CPU = Release|Any CPU
	EndGlobalSection
	GlobalSection(ProjectConfigurationPlatforms) = postSolution
		{0A1D7491-2A74-44CC-BEF5-3DC542545BD9}.Debug|Any CPU.ActiveCfg = Debug|Any CPU
		{0A1D7491-2A74-44CC-BEF5-3DC542545BD9}.Debug|Any CPU.Build.0 = Debug|Any CPU
		{0A1D7491-2A74-44CC-BEF5-3DC542545BD9}.Release|Any CPU.ActiveCfg = Release|Any CPU
		{0A1D7491-2A74-44CC-BEF5-3DC542545BD9}.Release|Any CPU.Build.0 = Release|Any CPU
		{1C57A476-4FA9-4142-A3A9-2455E309C140}.Debug|Any CPU.ActiveCfg = Debug
		{1C57A476-4FA9-4142-A3A9-2455E309C140}.Release|Any CPU.ActiveCfg = Release
	EndGlobalSection
	GlobalSection(SolutionProperties) = preSolution
		HideSolutionNode = FALSE
	EndGlobalSection
	GlobalSection(ExtensibilityGlobals) = postSolution
		SolutionGuid = {E8B2A98C-EC4B-495A-A785-D74E89AAECDB}
	EndGlobalSection
EndGlobal
